// !$*UTF8*$!
{
	archiveVersion = 1;
	classes = {
	};
	objectVersion = 50;
	objects = {

/* Begin PBXBuildFile section */
		91BE380D231BAC4800627E29 /* AppDelegate.swift in Sources */ = {isa = PBXBuildFile; fileRef = 91BE380C231BAC4800627E29 /* AppDelegate.swift */; };
		91BE3812231BAC4800627E29 /* Main.storyboard in Resources */ = {isa = PBXBuildFile; fileRef = 91BE3810231BAC4800627E29 /* Main.storyboard */; };
		91BE3814231BAC4A00627E29 /* Assets.xcassets in Resources */ = {isa = PBXBuildFile; fileRef = 91BE3813231BAC4A00627E29 /* Assets.xcassets */; };
		91BE3817231BAC4A00627E29 /* LaunchScreen.storyboard in Resources */ = {isa = PBXBuildFile; fileRef = 91BE3815231BAC4A00627E29 /* LaunchScreen.storyboard */; };
		91BE3821231BACF300627E29 /* FilesTableViewController.swift in Sources */ = {isa = PBXBuildFile; fileRef = 91BE3820231BACF300627E29 /* FilesTableViewController.swift */; };
		91BE3823231BB0B700627E29 /* FileHandler.swift in Sources */ = {isa = PBXBuildFile; fileRef = 91BE3822231BB0B700627E29 /* FileHandler.swift */; };
		91BE3827231BC12000627E29 /* EditViewController.swift in Sources */ = {isa = PBXBuildFile; fileRef = 91BE3826231BC12000627E29 /* EditViewController.swift */; };
/* End PBXBuildFile section */

/* Begin PBXFileReference section */
		91BE3809231BAC4800627E29 /* Q3 Wordpad.app */ = {isa = PBXFileReference; explicitFileType = wrapper.application; includeInIndex = 0; path = "Q3 Wordpad.app"; sourceTree = BUILT_PRODUCTS_DIR; };
		91BE380C231BAC4800627E29 /* AppDelegate.swift */ = {isa = PBXFileReference; lastKnownFileType = sourcecode.swift; path = AppDelegate.swift; sourceTree = "<group>"; };
		91BE3811231BAC4800627E29 /* Base */ = {isa = PBXFileReference; lastKnownFileType = file.storyboard; name = Base; path = Base.lproj/Main.storyboard; sourceTree = "<group>"; };
		91BE3813231BAC4A00627E29 /* Assets.xcassets */ = {isa = PBXFileReference; lastKnownFileType = folder.assetcatalog; path = Assets.xcassets; sourceTree = "<group>"; };
		91BE3816231BAC4A00627E29 /* Base */ = {isa = PBXFileReference; lastKnownFileType = file.storyboard; name = Base; path = Base.lproj/LaunchScreen.storyboard; sourceTree = "<group>"; };
		91BE3818231BAC4A00627E29 /* Info.plist */ = {isa = PBXFileReference; lastKnownFileType = text.plist.xml; path = Info.plist; sourceTree = "<group>"; };
		91BE3820231BACF300627E29 /* FilesTableViewController.swift */ = {isa = PBXFileReference; lastKnownFileType = sourcecode.swift; path = FilesTableViewController.swift; sourceTree = "<group>"; };
		91BE3822231BB0B700627E29 /* FileHandler.swift */ = {isa = PBXFileReference; lastKnownFileType = sourcecode.swift; path = FileHandler.swift; sourceTree = "<group>"; };
		91BE3826231BC12000627E29 /* EditViewController.swift */ = {isa = PBXFileReference; lastKnownFileType = sourcecode.swift; path = EditViewController.swift; sourceTree = "<group>"; };
/* End PBXFileReference section */

/* Begin PBXFrameworksBuildPhase section */
		91BE3806231BAC4800627E29 /* Frameworks */ = {
			isa = PBXFrameworksBuildPhase;
			buildActionMask = 2147483647;
			files = (
			);
			runOnlyForDeploymentPostprocessing = 0;
		};
/* End PBXFrameworksBuildPhase section */

/* Begin PBXGroup section */
		91BE3800231BAC4800627E29 = {
			isa = PBXGroup;
			children = (
				91BE380B231BAC4800627E29 /* Q3 Wordpad */,
				91BE380A231BAC4800627E29 /* Products */,
			);
			sourceTree = "<group>";
		};
		91BE380A231BAC4800627E29 /* Products */ = {
			isa = PBXGroup;
			children = (
				91BE3809231BAC4800627E29 /* Q3 Wordpad.app */,
			);
			name = Products;
			sourceTree = "<group>";
		};
		91BE380B231BAC4800627E29 /* Q3 Wordpad */ = {
			isa = PBXGroup;
			children = (
				91BE380C231BAC4800627E29 /* AppDelegate.swift */,
				91BE3820231BACF300627E29 /* FilesTableViewController.swift */,
				91BE3826231BC12000627E29 /* EditViewController.swift */,
				91BE3822231BB0B700627E29 /* FileHandler.swift */,
				91BE3810231BAC4800627E29 /* Main.storyboard */,
				91BE3813231BAC4A00627E29 /* Assets.xcassets */,
				91BE3815231BAC4A00627E29 /* LaunchScreen.storyboard */,
				91BE3818231BAC4A00627E29 /* Info.plist */,
			);
			path = "Q3 Wordpad";
			sourceTree = "<group>";
		};
/* End PBXGroup section */

/* Begin PBXNativeTarget section */
		91BE3808231BAC4800627E29 /* Q3 Wordpad */ = {
			isa = PBXNativeTarget;
			buildConfigurationList = 91BE381B231BAC4A00627E29 /* Build configuration list for PBXNativeTarget "Q3 Wordpad" */;
			buildPhases = (
				91BE3805231BAC4800627E29 /* Sources */,
				91BE3806231BAC4800627E29 /* Frameworks */,
				91BE3807231BAC4800627E29 /* Resources */,
			);
			buildRules = (
			);
			dependencies = (
			);
			name = "Q3 Wordpad";
			productName = "Q3 Wordpad";
			productReference = 91BE3809231BAC4800627E29 /* Q3 Wordpad.app */;
			productType = "com.apple.product-type.application";
		};
/* End PBXNativeTarget section */

/* Begin PBXProject section */
		91BE3801231BAC4800627E29 /* Project object */ = {
			isa = PBXProject;
			attributes = {
				LastSwiftUpdateCheck = 1020;
				LastUpgradeCheck = 1020;
				ORGANIZATIONNAME = compindia;
				TargetAttributes = {
					91BE3808231BAC4800627E29 = {
						CreatedOnToolsVersion = 10.2.1;
					};
				};
			};
			buildConfigurationList = 91BE3804231BAC4800627E29 /* Build configuration list for PBXProject "Q3 Wordpad" */;
			compatibilityVersion = "Xcode 9.3";
			developmentRegion = en;
			hasScannedForEncodings = 0;
			knownRegions = (
				en,
				Base,
			);
			mainGroup = 91BE3800231BAC4800627E29;
			productRefGroup = 91BE380A231BAC4800627E29 /* Products */;
			projectDirPath = "";
			projectRoot = "";
			targets = (
				91BE3808231BAC4800627E29 /* Q3 Wordpad */,
			);
		};
/* End PBXProject section */

/* Begin PBXResourcesBuildPhase section */
		91BE3807231BAC4800627E29 /* Resources */ = {
			isa = PBXResourcesBuildPhase;
			buildActionMask = 2147483647;
			files = (
				91BE3817231BAC4A00627E29 /* LaunchScreen.storyboard in Resources */,
				91BE3814231BAC4A00627E29 /* Assets.xcassets in Resources */,
				91BE3812231BAC4800627E29 /* Main.storyboard in Resources */,
			);
			runOnlyForDeploymentPostprocessing = 0;
		};
/* End PBXResourcesBuildPhase section */

/* Begin PBXSourcesBuildPhase section */
		91BE3805231BAC4800627E29 /* Sources */ = {
			isa = PBXSourcesBuildPhase;
			buildActionMask = 2147483647;
			files = (
				91BE3827231BC12000627E29 /* EditViewController.swift in Sources */,
				91BE3823231BB0B700627E29 /* FileHandler.swift in Sources */,
				91BE380D231BAC4800627E29 /* AppDelegate.swift in Sources */,
				91BE3821231BACF300627E29 /* FilesTableViewController.swift in Sources */,
			);
			runOnlyForDeploymentPostprocessing = 0;
		};
/* End PBXSourcesBuildPhase section */

/* Begin PBXVariantGroup section */
		91BE3810231BAC4800627E29 /* Main.storyboard */ = {
			isa = PBXVariantGroup;
			children = (
				91BE3811231BAC4800627E29 /* Base */,
			);
			name = Main.storyboard;
			sourceTree = "<group>";
		};
		91BE3815231BAC4A00627E29 /* LaunchScreen.storyboard */ = {
			isa = PBXVariantGroup;
			children = (
				91BE3816231BAC4A00627E29 /* Base */,
			);
			name = LaunchScreen.storyboard;
			sourceTree = "<group>";
		};
/* End PBXVariantGroup section */

/* Begin XCBuildConfiguration section */
		91BE3819231BAC4A00627E29 /* Debug */ = {
			isa = XCBuildConfiguration;
			buildSettings = {
				ALWAYS_SEARCH_USER_PATHS = NO;
				CLANG_ANALYZER_NONNULL = YES;
				CLANG_ANALYZER_NUMBER_OBJECT_CONVERSION = YES_AGGRESSIVE;
				CLANG_CXX_LANGUAGE_STANDARD = "gnu++14";
				CLANG_CXX_LIBRARY = "libc++";
				CLANG_ENABLE_MODULES = YES;
				CLANG_ENABLE_OBJC_ARC = YES;
				CLANG_ENABLE_OBJC_WEAK = YES;
				CLANG_WARN_BLOCK_CAPTURE_AUTORELEASING = YES;
				CLANG_WARN_BOOL_CONVERSION = YES;
				CLANG_WARN_COMMA = YES;
				CLANG_WARN_CONSTANT_CONVERSION = YES;
				CLANG_WARN_DEPRECATED_OBJC_IMPLEMENTATIONS = YES;
				CLANG_WARN_DIRECT_OBJC_ISA_USAGE = YES_ERROR;
				CLANG_WARN_DOCUMENTATION_COMMENTS = YES;
				CLANG_WARN_EMPTY_BODY = YES;
				CLANG_WARN_ENUM_CONVERSION = YES;
				CLANG_WARN_INFINITE_RECURSION = YES;
				CLANG_WARN_INT_CONVERSION = YES;
				CLANG_WARN_NON_LITERAL_NULL_CONVERSION = YES;
				CLANG_WARN_OBJC_IMPLICIT_RETAIN_SELF = YES;
				CLANG_WARN_OBJC_LITERAL_CONVERSION = YES;
				CLANG_WARN_OBJC_ROOT_CLASS = YES_ERROR;
				CLANG_WARN_RANGE_LOOP_ANALYSIS = YES;
				CLANG_WARN_STRICT_PROTOTYPES = YES;
				CLANG_WARN_SUSPICIOUS_MOVE = YES;
				CLANG_WARN_UNGUARDED_AVAILABILITY = YES_AGGRESSIVE;
				CLANG_WARN_UNREACHABLE_CODE = YES;
				CLANG_WARN__DUPLICATE_METHOD_MATCH = YES;
				CODE_SIGN_IDENTITY = "iPhone Developer";
				COPY_PHASE_STRIP = NO;
				DEBUG_INFORMATION_FORMAT = dwarf;
				ENABLE_STRICT_OBJC_MSGSEND = YES;
				ENABLE_TESTABILITY = YES;
				GCC_C_LANGUAGE_STANDARD = gnu11;
				GCC_DYNAMIC_NO_PIC = NO;
				GCC_NO_COMMON_BLOCKS = YES;
				GCC_OPTIMIZATION_LEVEL = 0;
				GCC_PREPROCESSOR_DEFINITIONS = (
					"DEBUG=1",
					"$(inherited)",
				);
				GCC_WARN_64_TO_32_BIT_CONVERSION = YES;
				GCC_WARN_ABOUT_RETURN_TYPE = YES_ERROR;
				GCC_WARN_UNDECLARED_SELECTOR = YES;
				GCC_WARN_UNINITIALIZED_AUTOS = YES_AGGRESSIVE;
				GCC_WARN_UNUSED_FUNCTION = YES;
				GCC_WARN_UNUSED_VARIABLE = YES;
				IPHONEOS_DEPLOYMENT_TARGET = 12.2;
				MTL_ENABLE_DEBUG_INFO = INCLUDE_SOURCE;
				MTL_FAST_MATH = YES;
				ONLY_ACTIVE_ARCH = YES;
				SDKROOT = iphoneos;
				SWIFT_ACTIVE_COMPILATION_CONDITIONS = DEBUG;
				SWIFT_OPTIMIZATION_LEVEL = "-Onone";
			};
			name = Debug;
		};
		91BE381A231BAC4A00627E29 /* Release */ = {
			isa = XCBuildConfiguration;
			buildSettings = {
				ALWAYS_SEARCH_USER_PATHS = NO;
				CLANG_ANALYZER_NONNULL = YES;
				CLANG_ANALYZER_NUMBER_OBJECT_CONVERSION = YES_AGGRESSIVE;
				CLANG_CXX_LANGUAGE_STANDARD = "gnu++14";
				CLANG_CXX_LIBRARY = "libc++";
				CLANG_ENABLE_MODULES = YES;
				CLANG_ENABLE_OBJC_ARC = YES;
				CLANG_ENABLE_OBJC_WEAK = YES;
				CLANG_WARN_BLOCK_CAPTURE_AUTORELEASING = YES;
				CLANG_WARN_BOOL_CONVERSION = YES;
				CLANG_WARN_COMMA = YES;
				CLANG_WARN_CONSTANT_CONVERSION = YES;
				CLANG_WARN_DEPRECATED_OBJC_IMPLEMENTATIONS = YES;
				CLANG_WARN_DIRECT_OBJC_ISA_USAGE = YES_ERROR;
				CLANG_WARN_DOCUMENTATION_COMMENTS = YES;
				CLANG_WARN_EMPTY_BODY = YES;
				CLANG_WARN_ENUM_CONVERSION = YES;
				CLANG_WARN_INFINITE_RECURSION = YES;
				CLANG_WARN_INT_CONVERSION = YES;
				CLANG_WARN_NON_LITERAL_NULL_CONVERSION = YES;
				CLANG_WARN_OBJC_IMPLICIT_RETAIN_SELF = YES;
				CLANG_WARN_OBJC_LITERAL_CONVERSION = YES;
				CLANG_WARN_OBJC_ROOT_CLASS = YES_ERROR;
				CLANG_WARN_RANGE_LOOP_ANALYSIS = YES;
				CLANG_WARN_STRICT_PROTOTYPES = YES;
				CLANG_WARN_SUSPICIOUS_MOVE = YES;
				CLANG_WARN_UNGUARDED_AVAILABILITY = YES_AGGRESSIVE;
				CLANG_WARN_UNREACHABLE_CODE = YES;
				CLANG_WARN__DUPLICATE_METHOD_MATCH = YES;
				CODE_SIGN_IDENTITY = "iPhone Developer";
				COPY_PHASE_STRIP = NO;
				DEBUG_INFORMATION_FORMAT = "dwarf-with-dsym";
				ENABLE_NS_ASSERTIONS = NO;
				ENABLE_STRICT_OBJC_MSGSEND = YES;
				GCC_C_LANGUAGE_STANDARD = gnu11;
				GCC_NO_COMMON_BLOCKS = YES;
				GCC_WARN_64_TO_32_BIT_CONVERSION = YES;
				GCC_WARN_ABOUT_RETURN_TYPE = YES_ERROR;
				GCC_WARN_UNDECLARED_SELECTOR = YES;
				GCC_WARN_UNINITIALIZED_AUTOS = YES_AGGRESSIVE;
				GCC_WARN_UNUSED_FUNCTION = YES;
				GCC_WARN_UNUSED_VARIABLE = YES;
				IPHONEOS_DEPLOYMENT_TARGET = 12.2;
				MTL_ENABLE_DEBUG_INFO = NO;
				MTL_FAST_MATH = YES;
				SDKROOT = iphoneos;
				SWIFT_COMPILATION_MODE = wholemodule;
				SWIFT_OPTIMIZATION_LEVEL = "-O";
				VALIDATE_PRODUCT = YES;
			};
			name = Release;
		};
		91BE381C231BAC4A00627E29 /* Debug */ = {
			isa = XCBuildConfiguration;
			buildSettings = {
				ASSETCATALOG_COMPILER_APPICON_NAME = AppIcon;
				CODE_SIGN_STYLE = Automatic;
				INFOPLIST_FILE = "Q3 Wordpad/Info.plist";
				LD_RUNPATH_SEARCH_PATHS = (
					"$(inherited)",
					"@executable_path/Frameworks",
				);
				PRODUCT_BUNDLE_IDENTIFIER = "com.compindia.Q3-Wordpad";
				PRODUCT_NAME = "$(TARGET_NAME)";
				SWIFT_VERSION = 5.0;
				TARGETED_DEVICE_FAMILY = "1,2";
			};
			name = Debug;
		};
		91BE381D231BAC4A00627E29 /* Release */ = {
			isa = XCBuildConfiguration;
			buildSettings = {
				ASSETCATALOG_COMPILER_APPICON_NAME = AppIcon;
				CODE_SIGN_STYLE = Automatic;
				INFOPLIST_FILE = "Q3 Wordpad/Info.plist";
				LD_RUNPATH_SEARCH_PATHS = (
					"$(inherited)",
					"@executable_path/Frameworks",
				);
				PRODUCT_BUNDLE_IDENTIFIER = "com.compindia.Q3-Wordpad";
				PRODUCT_NAME = "$(TARGET_NAME)";
				SWIFT_VERSION = 5.0;
				TARGETED_DEVICE_FAMILY = "1,2";
			};
			name = Release;
		};
/* End XCBuildConfiguration section */

/* Begin XCConfigurationList section */
		91BE3804231BAC4800627E29 /* Build configuration list for PBXProject "Q3 Wordpad" */ = {
			isa = XCConfigurationList;
			buildConfigurations = (
				91BE3819231BAC4A00627E29 /* Debug */,
				91BE381A231BAC4A00627E29 /* Release */,
			);
			defaultConfigurationIsVisible = 0;
			defaultConfigurationName = Release;
		};
		91BE381B231BAC4A00627E29 /* Build configuration list for PBXNativeTarget "Q3 Wordpad" */ = {
			isa = XCConfigurationList;
			buildConfigurations = (
				91BE381C231BAC4A00627E29 /* Debug */,
				91BE381D231BAC4A00627E29 /* Release */,
			);
			defaultConfigurationIsVisible = 0;
			defaultConfigurationName = Release;
		};
/* End XCConfigurationList section */
	};
	rootObject = 91BE3801231BAC4800627E29 /* Project object */;
}
